# NOTICE: This lockfile contains some overrides from shard.override.yml
version: 2.0
shards:
  cron_parser:
    git: https://github.com/kostya/cron_parser.git
    version: 0.3.0

  db:
    git: https://github.com/crystal-lang/crystal-db.git
    version: 0.10.0

  discordcr: # Overridden
    git: https://github.com/shardlab/discordcr.git
    version: 0.4.0+git.commit.50d080fa34122c1c022ba5bbaafb58d5c693109d

  discordcr-middleware:
    git: https://github.com/z64/discordcr-middleware.git
    version: 0.4.0+git.commit.5c0b2ba082839aef76b6f452eacb30a54bdd2675

  discordcr-plugin:
    git: https://github.com/z64/discordcr-plugin.git
    version: 0.1.0+git.commit.a96031f95337bf1aa6ba212007c84f4c0c4a2c99

  future:
    git: https://github.com/crystal-community/future.cr.git
    version: 0.1.0

  myhtml:
    git: https://github.com/kostya/myhtml.git
    version: 1.5.3

  pg:
    git: https://github.com/will/crystal-pg.git
    version: 0.23.1

  rate_limiter:
    git: https://github.com/z64/rate_limiter.git
    version: 0.1.0+git.commit.e63f0b1d8e17105d7dc8bb875462693caf221499

  rss:
    git: https://github.com/ruivieira/rss.git
    version: 0.1.1

  tasker:
    git: https://github.com/spider-gazelle/tasker.git
    version: 2.0.2

